
Microsoft Visual Studio Solution File, Format Version 12.00
# Visual Studio Version 16
VisualStudioVersion = 16.0.28803.352
MinimumVisualStudioVersion = 10.0.40219.1
Project("{FAE04EC0-301F-11D3-BF4B-00C04F79EFBC}") = "github-management", "github-management.csproj", "{DEE7C567-3916-421F-B820-9FC5B7727DBC}"
EndProject
Global
	GlobalSection(SolutionConfigurationPlatforms) = preSolution
		Debug|Any CPU = Debug|Any CPU
		Release|Any CPU = Release|Any CPU
	EndGlobalSection
	GlobalSection(ProjectConfigurationPlatforms) = postSolution
		{DEE7C567-3916-421F-B820-9FC5B7727DBC}.Debug|Any CPU.ActiveCfg = Debug|Any CPU
		{DEE7C567-3916-421F-B820-9FC5B7727DBC}.Debug|Any CPU.Build.0 = Debug|Any CPU
		{DEE7C567-3916-421F-B820-9FC5B7727DBC}.Release|Any CPU.ActiveCfg = Release|Any CPU
		{DEE7C567-3916-421F-B820-9FC5B7727DBC}.Release|Any CPU.Build.0 = Release|Any CPU
	EndGlobalSection
	GlobalSection(SolutionProperties) = preSolution
		HideSolutionNode = FALSE
	EndGlobalSection
	GlobalSection(ExtensibilityGlobals) = postSolution
		SolutionGuid = {EFA233DE-040E-423B-92BB-26AC3612DEE8}
	EndGlobalSection
EndGlobal
